
Microsoft Visual Studio Solution File, Format Version 12.00
# Visual Studio Version 17
VisualStudioVersion = 17.6.33815.320
MinimumVisualStudioVersion = 10.0.40219.1
Project("{9A19103F-16F7-4668-BE54-9A1E7A4F7556}") = "EmployeeList", "EmployeeList.csproj", "{E8C75445-9F84-4E00-9999-7AE24D371A23}"
EndProject
Project("{FAE04EC0-301F-11D3-BF4B-00C04F79EFBC}") = "StudentList2D", "..\StudentList2D\StudentList2D.csproj", "{C90880EA-848A-4B2A-8EFD-97AA8328C580}"
EndProject
Global
	GlobalSection(SolutionConfigurationPlatforms) = preSolution
		Debug|Any CPU = Debug|Any CPU
		Release|Any CPU = Release|Any CPU
	EndGlobalSection
	GlobalSection(ProjectConfigurationPlatforms) = postSolution
		{E8C75445-9F84-4E00-9999-7AE24D371A23}.Debug|Any CPU.ActiveCfg = Debug|Any CPU
		{E8C75445-9F84-4E00-9999-7AE24D371A23}.Debug|Any CPU.Build.0 = Debug|Any CPU
		{E8C75445-9F84-4E00-9999-7AE24D371A23}.Release|Any CPU.ActiveCfg = Release|Any CPU
		{E8C75445-9F84-4E00-9999-7AE24D371A23}.Release|Any CPU.Build.0 = Release|Any CPU
		{C90880EA-848A-4B2A-8EFD-97AA8328C580}.Debug|Any CPU.ActiveCfg = Debug|Any CPU
		{C90880EA-848A-4B2A-8EFD-97AA8328C580}.Debug|Any CPU.Build.0 = Debug|Any CPU
		{C90880EA-848A-4B2A-8EFD-97AA8328C580}.Release|Any CPU.ActiveCfg = Release|Any CPU
		{C90880EA-848A-4B2A-8EFD-97AA8328C580}.Release|Any CPU.Build.0 = Release|Any CPU
	EndGlobalSection
	GlobalSection(SolutionProperties) = preSolution
		HideSolutionNode = FALSE
	EndGlobalSection
	GlobalSection(ExtensibilityGlobals) = postSolution
		SolutionGuid = {84AFC9EF-B29F-403A-B62E-D83CB15F57B6}
	EndGlobalSection
EndGlobal
